
Microsoft Visual Studio Solution File, Format Version 12.00
# Visual Studio 2013
VisualStudioVersion = 12.0.21005.1
MinimumVisualStudioVersion = 10.0.40219.1
Project("{FAE04EC0-301F-11D3-BF4B-00C04F79EFBC}") = "KaritoWeb2.0", "KaritoWeb2.0\KaritoWeb2.0.csproj", "{FBD984E5-5F4B-459B-9B3A-7E21126E30EA}"
EndProject
Project("{FAE04EC0-301F-11D3-BF4B-00C04F79EFBC}") = "CapaEntidad", "CapaEntidad\CapaEntidad.csproj", "{BF4E1CD5-ECF9-4061-932C-CD608AF5806B}"
EndProject
Project("{FAE04EC0-301F-11D3-BF4B-00C04F79EFBC}") = "CapaAccesoDatos", "CapaAccesoDatos\CapaAccesoDatos.csproj", "{F0F9FBC9-F03B-4A85-9B81-87B134E3EAE4}"
EndProject
Global
	GlobalSection(SolutionConfigurationPlatforms) = preSolution
		Debug|Any CPU = Debug|Any CPU
		Release|Any CPU = Release|Any CPU
	EndGlobalSection
	GlobalSection(ProjectConfigurationPlatforms) = postSolution
		{FBD984E5-5F4B-459B-9B3A-7E21126E30EA}.Debug|Any CPU.ActiveCfg = Debug|Any CPU
		{FBD984E5-5F4B-459B-9B3A-7E21126E30EA}.Debug|Any CPU.Build.0 = Debug|Any CPU
		{FBD984E5-5F4B-459B-9B3A-7E21126E30EA}.Release|Any CPU.ActiveCfg = Release|Any CPU
		{FBD984E5-5F4B-459B-9B3A-7E21126E30EA}.Release|Any CPU.Build.0 = Release|Any CPU
		{BF4E1CD5-ECF9-4061-932C-CD608AF5806B}.Debug|Any CPU.ActiveCfg = Debug|Any CPU
		{BF4E1CD5-ECF9-4061-932C-CD608AF5806B}.Debug|Any CPU.Build.0 = Debug|Any CPU
		{BF4E1CD5-ECF9-4061-932C-CD608AF5806B}.Release|Any CPU.ActiveCfg = Release|Any CPU
		{BF4E1CD5-ECF9-4061-932C-CD608AF5806B}.Release|Any CPU.Build.0 = Release|Any CPU
		{F0F9FBC9-F03B-4A85-9B81-87B134E3EAE4}.Debug|Any CPU.ActiveCfg = Debug|Any CPU
		{F0F9FBC9-F03B-4A85-9B81-87B134E3EAE4}.Debug|Any CPU.Build.0 = Debug|Any CPU
		{F0F9FBC9-F03B-4A85-9B81-87B134E3EAE4}.Release|Any CPU.ActiveCfg = Release|Any CPU
		{F0F9FBC9-F03B-4A85-9B81-87B134E3EAE4}.Release|Any CPU.Build.0 = Release|Any CPU
	EndGlobalSection
	GlobalSection(SolutionProperties) = preSolution
		HideSolutionNode = FALSE
	EndGlobalSection
EndGlobal
